dependencies:
  espressif/mdns:
    component_hash: 1ebe3bd675bb9d1c58f52bc0b609b32f74e572b01c328f9e61282040c775495c
    source:
      service_url: https://api.components.espressif.com/
      type: service
    version: 1.11.0
  idf:
    component_hash: null
    source:
      type: idf
    version: 5.3.1
  m5stack/m5gfx:
    component_hash: f161e9770bd415c79aa167e8441c4cd74dd460cf2c220d0060b51edf84b54e8a
    source:
      service_url: https://api.components.espressif.com/
      type: service
    version: 0.2.19
manifest_hash: 3255c0f14d370ea5a4776c5156b7d3d3e527831fb0f46bf1dc32dfbcdc8cabaa
target: esp32s3
version: 1.0.0
